
Microsoft Visual Studio Solution File, Format Version 12.00
# Visual Studio Version 16
VisualStudioVersion = 16.0.30204.135
MinimumVisualStudioVersion = 10.0.40219.1
Project("{FAE04EC0-301F-11D3-BF4B-00C04F79EFBC}") = "CustomCampaignLeaderboardAcc", "CustomCampaignLeaderboardAcc\CustomCampaignLeaderboardAcc.csproj", "{F729A20B-0F7C-4EA0-90E1-3EA65408CF98}"
EndProject
Global
	GlobalSection(SolutionConfigurationPlatforms) = preSolution
		Debug|Any CPU = Debug|Any CPU
		Release|Any CPU = Release|Any CPU
	EndGlobalSection
	GlobalSection(ProjectConfigurationPlatforms) = postSolution
		{F729A20B-0F7C-4EA0-90E1-3EA65408CF98}.Debug|Any CPU.ActiveCfg = Debug|Any CPU
		{F729A20B-0F7C-4EA0-90E1-3EA65408CF98}.Debug|Any CPU.Build.0 = Debug|Any CPU
		{F729A20B-0F7C-4EA0-90E1-3EA65408CF98}.Release|Any CPU.ActiveCfg = Release|Any CPU
		{F729A20B-0F7C-4EA0-90E1-3EA65408CF98}.Release|Any CPU.Build.0 = Release|Any CPU
	EndGlobalSection
	GlobalSection(SolutionProperties) = preSolution
		HideSolutionNode = FALSE
	EndGlobalSection
	GlobalSection(ExtensibilityGlobals) = postSolution
		SolutionGuid = {167B7908-32DA-4C51-B31B-E9121B6B4CE3}
	EndGlobalSection
EndGlobal
